
Microsoft Visual Studio Solution File, Format Version 12.00
# Visual Studio Version 17
VisualStudioVersion = 17.2.32616.157
MinimumVisualStudioVersion = 10.0.40219.1
Project("{FAE04EC0-301F-11D3-BF4B-00C04F79EFBC}") = "Lab1_PM", "Lab1_PM\Lab1_PM.csproj", "{BC175729-7828-4E84-ADAE-F136ACAE2174}"
EndProject
Global
	GlobalSection(SolutionConfigurationPlatforms) = preSolution
		Debug|Any CPU = Debug|Any CPU
		Release|Any CPU = Release|Any CPU
	EndGlobalSection
	GlobalSection(ProjectConfigurationPlatforms) = postSolution
		{BC175729-7828-4E84-ADAE-F136ACAE2174}.Debug|Any CPU.ActiveCfg = Debug|Any CPU
		{BC175729-7828-4E84-ADAE-F136ACAE2174}.Debug|Any CPU.Build.0 = Debug|Any CPU
		{BC175729-7828-4E84-ADAE-F136ACAE2174}.Release|Any CPU.ActiveCfg = Release|Any CPU
		{BC175729-7828-4E84-ADAE-F136ACAE2174}.Release|Any CPU.Build.0 = Release|Any CPU
	EndGlobalSection
	GlobalSection(SolutionProperties) = preSolution
		HideSolutionNode = FALSE
	EndGlobalSection
	GlobalSection(ExtensibilityGlobals) = postSolution
		SolutionGuid = {02901FF1-BA20-4F08-83C1-5E47CC511640}
	EndGlobalSection
EndGlobal
